{
  "name": "TypeScript-study14days",
  "version": "1.0.0",
  "lockfileVersion": 1,
  "requires": true,
  "dependencies": {
    "@types/node": {
      "version": "13.9.2",
      "resolved": "https://registry.npm.taobao.org/@types/node/download/@types/node-13.9.2.tgz",
      "integrity": "sha1-rOGIDANZTMPoAgbZaEcVfY5/o0k="
    }
  }
}
